{
  "name": "my-netlify-site",
  "version": "1.0.0",
  "lockfileVersion": 2,
  "requires": true,
  "packages": {
    "": {
      "name": "my-netlify-site",
      "version": "1.0.0",
      "license": "ISC",
      "dependencies": {
        "@11ty/eleventy": "^2.0.0"
      }
    },
    "node_modules/@11ty/eleventy": {
      "version": "2.0.1",
      "resolved": "https://registry.npmjs.org/@11ty/eleventy/-/eleventy-2.0.1.tgz",
      "integrity": "sha512-n20pmTf2iN81l1h96n2+2k2nfrft4jbyFp65o7VAbm2x/NossYj14G6/o7cTsoFe8ll0y2/lpg2d22y4r62v9g==",
      "bin": {
        "eleventy": "cmd.js"
      },
      "engines": {
        "node": ">=14"
      }
    }
  },
  "dependencies": {
    "@11ty/eleventy": {
      "version": "2.0.1",
      "resolved": "https://registry.npmjs.org/@11ty/eleventy/-/eleventy-2.0.1.tgz",
      "integrity": "sha512-n20pmTf2iN81l1h96n2+2k2nfrft4jbyFp65o7VAbm2x/NossYj14G6/o7cTsoFe8ll0y2/lpg2d22y4r62v9g=="
    }
  }
}